
Microsoft Visual Studio Solution File, Format Version 12.00
# Visual Studio Version 17
VisualStudioVersion = 17.5.002.0
MinimumVisualStudioVersion = 10.0.40219.1
Project("{9A19103F-16F7-4668-BE54-9A1E7A4F7556}") = "tl1-tp6-2024-matisagra", "tl1-tp6-2024-matisagra.csproj", "{EEC4EEAC-0061-4499-B9AE-F84CB93BC0B7}"
EndProject
Global
	GlobalSection(SolutionConfigurationPlatforms) = preSolution
		Debug|Any CPU = Debug|Any CPU
		Release|Any CPU = Release|Any CPU
	EndGlobalSection
	GlobalSection(ProjectConfigurationPlatforms) = postSolution
		{EEC4EEAC-0061-4499-B9AE-F84CB93BC0B7}.Debug|Any CPU.ActiveCfg = Debug|Any CPU
		{EEC4EEAC-0061-4499-B9AE-F84CB93BC0B7}.Debug|Any CPU.Build.0 = Debug|Any CPU
		{EEC4EEAC-0061-4499-B9AE-F84CB93BC0B7}.Release|Any CPU.ActiveCfg = Release|Any CPU
		{EEC4EEAC-0061-4499-B9AE-F84CB93BC0B7}.Release|Any CPU.Build.0 = Release|Any CPU
	EndGlobalSection
	GlobalSection(SolutionProperties) = preSolution
		HideSolutionNode = FALSE
	EndGlobalSection
	GlobalSection(ExtensibilityGlobals) = postSolution
		SolutionGuid = {E4621758-9A2D-4DBD-A538-FACA89C410E1}
	EndGlobalSection
EndGlobal
