
Microsoft Visual Studio Solution File, Format Version 12.00
# Visual Studio Version 17
VisualStudioVersion = 17.5.002.0
MinimumVisualStudioVersion = 10.0.40219.1
Project("{9A19103F-16F7-4668-BE54-9A1E7A4F7556}") = "tl1-tp6-2024-matisagra", "tl1-tp6-2024-matisagra.csproj", "{4B12EDA3-3488-4C83-AE09-32F94E315FCC}"
EndProject
Global
	GlobalSection(SolutionConfigurationPlatforms) = preSolution
		Debug|Any CPU = Debug|Any CPU
		Release|Any CPU = Release|Any CPU
	EndGlobalSection
	GlobalSection(ProjectConfigurationPlatforms) = postSolution
		{4B12EDA3-3488-4C83-AE09-32F94E315FCC}.Debug|Any CPU.ActiveCfg = Debug|Any CPU
		{4B12EDA3-3488-4C83-AE09-32F94E315FCC}.Debug|Any CPU.Build.0 = Debug|Any CPU
		{4B12EDA3-3488-4C83-AE09-32F94E315FCC}.Release|Any CPU.ActiveCfg = Release|Any CPU
		{4B12EDA3-3488-4C83-AE09-32F94E315FCC}.Release|Any CPU.Build.0 = Release|Any CPU
	EndGlobalSection
	GlobalSection(SolutionProperties) = preSolution
		HideSolutionNode = FALSE
	EndGlobalSection
	GlobalSection(ExtensibilityGlobals) = postSolution
		SolutionGuid = {FE446D88-65ED-42AC-BFCF-74D13C047F9D}
	EndGlobalSection
EndGlobal
